
Microsoft Visual Studio Solution File, Format Version 12.00
# Visual Studio Version 17
VisualStudioVersion = 17.2.32630.192
MinimumVisualStudioVersion = 10.0.40219.1
Project("{FAE04EC0-301F-11D3-BF4B-00C04F79EFBC}") = "Spandex", "Spandex\Spandex.csproj", "{641F95F1-C65E-4657-8867-4C7BBF3A6C70}"
EndProject
Global
	GlobalSection(SolutionConfigurationPlatforms) = preSolution
		Debug|Any CPU = Debug|Any CPU
		Release|Any CPU = Release|Any CPU
	EndGlobalSection
	GlobalSection(ProjectConfigurationPlatforms) = postSolution
		{641F95F1-C65E-4657-8867-4C7BBF3A6C70}.Debug|Any CPU.ActiveCfg = Debug|Any CPU
		{641F95F1-C65E-4657-8867-4C7BBF3A6C70}.Debug|Any CPU.Build.0 = Debug|Any CPU
		{641F95F1-C65E-4657-8867-4C7BBF3A6C70}.Release|Any CPU.ActiveCfg = Release|Any CPU
		{641F95F1-C65E-4657-8867-4C7BBF3A6C70}.Release|Any CPU.Build.0 = Release|Any CPU
	EndGlobalSection
	GlobalSection(SolutionProperties) = preSolution
		HideSolutionNode = FALSE
	EndGlobalSection
	GlobalSection(ExtensibilityGlobals) = postSolution
		SolutionGuid = {F359BF55-4B8E-40E8-8E83-E6F29E165647}
	EndGlobalSection
EndGlobal
